
Microsoft Visual Studio Solution File, Format Version 11.00
# Visual Studio 2010
Project("{8BC9CEB8-8B4A-11D0-8D11-00A0C91BC942}") = "PacmanPlusPlus", "PacmanPlusPlus.vcxproj", "{ECB53A91-49A9-4EF8-8BDF-BA25AB13867F}"
EndProject
Global
	GlobalSection(SolutionConfigurationPlatforms) = preSolution
		Debug|Win32 = Debug|Win32
		Release|Win32 = Release|Win32
	EndGlobalSection
	GlobalSection(ProjectConfigurationPlatforms) = postSolution
		{ECB53A91-49A9-4EF8-8BDF-BA25AB13867F}.Debug|Win32.ActiveCfg = Debug|Win32
		{ECB53A91-49A9-4EF8-8BDF-BA25AB13867F}.Debug|Win32.Build.0 = Debug|Win32
		{ECB53A91-49A9-4EF8-8BDF-BA25AB13867F}.Release|Win32.ActiveCfg = Release|Win32
		{ECB53A91-49A9-4EF8-8BDF-BA25AB13867F}.Release|Win32.Build.0 = Release|Win32
	EndGlobalSection
	GlobalSection(SolutionProperties) = preSolution
		HideSolutionNode = FALSE
	EndGlobalSection
EndGlobal
